
Microsoft Visual Studio Solution File, Format Version 12.00
# Visual Studio 15
VisualStudioVersion = 15.0.27428.2015
MinimumVisualStudioVersion = 10.0.40219.1
Project("{FAE04EC0-301F-11D3-BF4B-00C04F79EFBC}") = "WindowsFormsApp1", "WindowsFormsApp1\WindowsFormsApp1.csproj", "{37E7FE18-6FA2-41C5-972B-204565289406}"
EndProject
Global
	GlobalSection(SolutionConfigurationPlatforms) = preSolution
		Debug|Any CPU = Debug|Any CPU
		Release|Any CPU = Release|Any CPU
	EndGlobalSection
	GlobalSection(ProjectConfigurationPlatforms) = postSolution
		{37E7FE18-6FA2-41C5-972B-204565289406}.Debug|Any CPU.ActiveCfg = Debug|Any CPU
		{37E7FE18-6FA2-41C5-972B-204565289406}.Debug|Any CPU.Build.0 = Debug|Any CPU
		{37E7FE18-6FA2-41C5-972B-204565289406}.Release|Any CPU.ActiveCfg = Release|Any CPU
		{37E7FE18-6FA2-41C5-972B-204565289406}.Release|Any CPU.Build.0 = Release|Any CPU
	EndGlobalSection
	GlobalSection(SolutionProperties) = preSolution
		HideSolutionNode = FALSE
	EndGlobalSection
	GlobalSection(ExtensibilityGlobals) = postSolution
		SolutionGuid = {4C17110F-2A00-48EA-9496-DC737D1665D2}
	EndGlobalSection
EndGlobal
